
Microsoft Visual Studio Solution File, Format Version 12.00
# Visual Studio Version 17
VisualStudioVersion = 17.5.33627.172
MinimumVisualStudioVersion = 10.0.40219.1
Project("{FAE04EC0-301F-11D3-BF4B-00C04F79EFBC}") = "WindowsFormsApp3", "WindowsFormsApp3.csproj", "{4B9763AC-8F28-4280-8B4A-48C00DFBDE2F}"
EndProject
Global
	GlobalSection(SolutionConfigurationPlatforms) = preSolution
		Debug|Any CPU = Debug|Any CPU
		Release|Any CPU = Release|Any CPU
	EndGlobalSection
	GlobalSection(ProjectConfigurationPlatforms) = postSolution
		{4B9763AC-8F28-4280-8B4A-48C00DFBDE2F}.Debug|Any CPU.ActiveCfg = Debug|Any CPU
		{4B9763AC-8F28-4280-8B4A-48C00DFBDE2F}.Debug|Any CPU.Build.0 = Debug|Any CPU
		{4B9763AC-8F28-4280-8B4A-48C00DFBDE2F}.Release|Any CPU.ActiveCfg = Release|Any CPU
		{4B9763AC-8F28-4280-8B4A-48C00DFBDE2F}.Release|Any CPU.Build.0 = Release|Any CPU
	EndGlobalSection
	GlobalSection(SolutionProperties) = preSolution
		HideSolutionNode = FALSE
	EndGlobalSection
	GlobalSection(ExtensibilityGlobals) = postSolution
		SolutionGuid = {52D532FD-E3E4-49D8-B19B-2D9FE4FDCAC5}
	EndGlobalSection
EndGlobal
